
Microsoft Visual Studio Solution File, Format Version 12.00
# Visual Studio 14
VisualStudioVersion = 14.0.25420.1
MinimumVisualStudioVersion = 10.0.40219.1
Project("{FAE04EC0-301F-11D3-BF4B-00C04F79EFBC}") = "01. InitialSetup", "ADOHomeWork\01. InitialSetup.csproj", "{3226DE8B-FD57-4CC2-A959-DE4EE370E52E}"
EndProject
Project("{FAE04EC0-301F-11D3-BF4B-00C04F79EFBC}") = "02. Get VIlians Names", "02. Get VIlians Names\02. Get VIlians Names.csproj", "{C942C6A1-E00A-4CD3-ACE6-7AFC90408C92}"
EndProject
Project("{FAE04EC0-301F-11D3-BF4B-00C04F79EFBC}") = "03. GetMinionsNames", "03. GetMinionsNames\03. GetMinionsNames.csproj", "{169D9A37-DC72-4D94-BDAB-AB2216FC090B}"
EndProject
Project("{FAE04EC0-301F-11D3-BF4B-00C04F79EFBC}") = "04. Add Minion", "04. Add Minion\04. Add Minion.csproj", "{334E0863-1F33-44AF-AE03-70ED7CC08E1A}"
EndProject
Global
	GlobalSection(SolutionConfigurationPlatforms) = preSolution
		Debug|Any CPU = Debug|Any CPU
		Release|Any CPU = Release|Any CPU
	EndGlobalSection
	GlobalSection(ProjectConfigurationPlatforms) = postSolution
		{3226DE8B-FD57-4CC2-A959-DE4EE370E52E}.Debug|Any CPU.ActiveCfg = Debug|Any CPU
		{3226DE8B-FD57-4CC2-A959-DE4EE370E52E}.Debug|Any CPU.Build.0 = Debug|Any CPU
		{3226DE8B-FD57-4CC2-A959-DE4EE370E52E}.Release|Any CPU.ActiveCfg = Release|Any CPU
		{3226DE8B-FD57-4CC2-A959-DE4EE370E52E}.Release|Any CPU.Build.0 = Release|Any CPU
		{C942C6A1-E00A-4CD3-ACE6-7AFC90408C92}.Debug|Any CPU.ActiveCfg = Debug|Any CPU
		{C942C6A1-E00A-4CD3-ACE6-7AFC90408C92}.Debug|Any CPU.Build.0 = Debug|Any CPU
		{C942C6A1-E00A-4CD3-ACE6-7AFC90408C92}.Release|Any CPU.ActiveCfg = Release|Any CPU
		{C942C6A1-E00A-4CD3-ACE6-7AFC90408C92}.Release|Any CPU.Build.0 = Release|Any CPU
		{169D9A37-DC72-4D94-BDAB-AB2216FC090B}.Debug|Any CPU.ActiveCfg = Debug|Any CPU
		{169D9A37-DC72-4D94-BDAB-AB2216FC090B}.Debug|Any CPU.Build.0 = Debug|Any CPU
		{169D9A37-DC72-4D94-BDAB-AB2216FC090B}.Release|Any CPU.ActiveCfg = Release|Any CPU
		{169D9A37-DC72-4D94-BDAB-AB2216FC090B}.Release|Any CPU.Build.0 = Release|Any CPU
		{334E0863-1F33-44AF-AE03-70ED7CC08E1A}.Debug|Any CPU.ActiveCfg = Debug|Any CPU
		{334E0863-1F33-44AF-AE03-70ED7CC08E1A}.Debug|Any CPU.Build.0 = Debug|Any CPU
		{334E0863-1F33-44AF-AE03-70ED7CC08E1A}.Release|Any CPU.ActiveCfg = Release|Any CPU
		{334E0863-1F33-44AF-AE03-70ED7CC08E1A}.Release|Any CPU.Build.0 = Release|Any CPU
	EndGlobalSection
	GlobalSection(SolutionProperties) = preSolution
		HideSolutionNode = FALSE
	EndGlobalSection
EndGlobal
