
Microsoft Visual Studio Solution File, Format Version 12.00
# Visual Studio 14
VisualStudioVersion = 14.0.25420.1
MinimumVisualStudioVersion = 10.0.40219.1
Project("{FAE04EC0-301F-11D3-BF4B-00C04F79EFBC}") = "EntityHomework", "EntityHomework\EntityHomework.csproj", "{ABA5AC7B-B16E-4E00-84AD-DEA6667E7D9C}"
EndProject
Project("{FAE04EC0-301F-11D3-BF4B-00C04F79EFBC}") = "5. Employees from Seattle", "5. Employees from Seattle\5. Employees from Seattle.csproj", "{87E4C3A7-4216-4EA8-A422-C19BBAF43880}"
EndProject
Project("{FAE04EC0-301F-11D3-BF4B-00C04F79EFBC}") = "6. Adding a New Address and Updating Employee", "6. Adding a New Address and Updating Employee\6. Adding a New Address and Updating Employee.csproj", "{FA16C0DC-6726-41ED-9C0C-29F1F16BD416}"
EndProject
Project("{FAE04EC0-301F-11D3-BF4B-00C04F79EFBC}") = "7. Find employees in period", "7. Find employees in period\7. Find employees in period.csproj", "{8E44D679-E45C-47B8-A96A-536B225E58F8}"
EndProject
Project("{FAE04EC0-301F-11D3-BF4B-00C04F79EFBC}") = "8. Addresses by town name", "8. Addresses by town name\8. Addresses by town name.csproj", "{7540350F-11EE-4F26-84FC-CA471EC5ECAC}"
EndProject
Project("{FAE04EC0-301F-11D3-BF4B-00C04F79EFBC}") = "Softuni.Data", "Softuni.Data\Softuni.Data.csproj", "{2C9B2DB4-4CE5-4B28-B9EC-367E8AA894D5}"
EndProject
Project("{FAE04EC0-301F-11D3-BF4B-00C04F79EFBC}") = "Softuni.Models", "Softuni.Models\Softuni.Models.csproj", "{BFD443EE-E525-4397-BDD9-70D2684DFA46}"
EndProject
Project("{FAE04EC0-301F-11D3-BF4B-00C04F79EFBC}") = "9. Employee with id 147", "9. Employee with id 147\9. Employee with id 147.csproj", "{8AA1DADA-5EFB-4ACD-97AD-72B6740A5772}"
EndProject
Project("{FAE04EC0-301F-11D3-BF4B-00C04F79EFBC}") = "10. Departments with more than 5 employee", "10. Departments with more than 5 employee\10. Departments with more than 5 employee.csproj", "{C2A8664F-28D3-46BB-871A-847F3F1D7F6F}"
EndProject
Project("{FAE04EC0-301F-11D3-BF4B-00C04F79EFBC}") = "11. Find Latest 10 Projects", "11. Find Latest 10 Projects\11. Find Latest 10 Projects.csproj", "{169FCEFC-321D-41A3-94EB-AE4B127783CC}"
EndProject
Global
	GlobalSection(SolutionConfigurationPlatforms) = preSolution
		Debug|Any CPU = Debug|Any CPU
		Release|Any CPU = Release|Any CPU
	EndGlobalSection
	GlobalSection(ProjectConfigurationPlatforms) = postSolution
		{ABA5AC7B-B16E-4E00-84AD-DEA6667E7D9C}.Debug|Any CPU.ActiveCfg = Debug|Any CPU
		{ABA5AC7B-B16E-4E00-84AD-DEA6667E7D9C}.Debug|Any CPU.Build.0 = Debug|Any CPU
		{ABA5AC7B-B16E-4E00-84AD-DEA6667E7D9C}.Release|Any CPU.ActiveCfg = Release|Any CPU
		{ABA5AC7B-B16E-4E00-84AD-DEA6667E7D9C}.Release|Any CPU.Build.0 = Release|Any CPU
		{87E4C3A7-4216-4EA8-A422-C19BBAF43880}.Debug|Any CPU.ActiveCfg = Debug|Any CPU
		{87E4C3A7-4216-4EA8-A422-C19BBAF43880}.Debug|Any CPU.Build.0 = Debug|Any CPU
		{87E4C3A7-4216-4EA8-A422-C19BBAF43880}.Release|Any CPU.ActiveCfg = Release|Any CPU
		{87E4C3A7-4216-4EA8-A422-C19BBAF43880}.Release|Any CPU.Build.0 = Release|Any CPU
		{FA16C0DC-6726-41ED-9C0C-29F1F16BD416}.Debug|Any CPU.ActiveCfg = Debug|Any CPU
		{FA16C0DC-6726-41ED-9C0C-29F1F16BD416}.Debug|Any CPU.Build.0 = Debug|Any CPU
		{FA16C0DC-6726-41ED-9C0C-29F1F16BD416}.Release|Any CPU.ActiveCfg = Release|Any CPU
		{FA16C0DC-6726-41ED-9C0C-29F1F16BD416}.Release|Any CPU.Build.0 = Release|Any CPU
		{8E44D679-E45C-47B8-A96A-536B225E58F8}.Debug|Any CPU.ActiveCfg = Debug|Any CPU
		{8E44D679-E45C-47B8-A96A-536B225E58F8}.Debug|Any CPU.Build.0 = Debug|Any CPU
		{8E44D679-E45C-47B8-A96A-536B225E58F8}.Release|Any CPU.ActiveCfg = Release|Any CPU
		{8E44D679-E45C-47B8-A96A-536B225E58F8}.Release|Any CPU.Build.0 = Release|Any CPU
		{7540350F-11EE-4F26-84FC-CA471EC5ECAC}.Debug|Any CPU.ActiveCfg = Debug|Any CPU
		{7540350F-11EE-4F26-84FC-CA471EC5ECAC}.Debug|Any CPU.Build.0 = Debug|Any CPU
		{7540350F-11EE-4F26-84FC-CA471EC5ECAC}.Release|Any CPU.ActiveCfg = Release|Any CPU
		{7540350F-11EE-4F26-84FC-CA471EC5ECAC}.Release|Any CPU.Build.0 = Release|Any CPU
		{2C9B2DB4-4CE5-4B28-B9EC-367E8AA894D5}.Debug|Any CPU.ActiveCfg = Debug|Any CPU
		{2C9B2DB4-4CE5-4B28-B9EC-367E8AA894D5}.Debug|Any CPU.Build.0 = Debug|Any CPU
		{2C9B2DB4-4CE5-4B28-B9EC-367E8AA894D5}.Release|Any CPU.ActiveCfg = Release|Any CPU
		{2C9B2DB4-4CE5-4B28-B9EC-367E8AA894D5}.Release|Any CPU.Build.0 = Release|Any CPU
		{BFD443EE-E525-4397-BDD9-70D2684DFA46}.Debug|Any CPU.ActiveCfg = Debug|Any CPU
		{BFD443EE-E525-4397-BDD9-70D2684DFA46}.Debug|Any CPU.Build.0 = Debug|Any CPU
		{BFD443EE-E525-4397-BDD9-70D2684DFA46}.Release|Any CPU.ActiveCfg = Release|Any CPU
		{BFD443EE-E525-4397-BDD9-70D2684DFA46}.Release|Any CPU.Build.0 = Release|Any CPU
		{8AA1DADA-5EFB-4ACD-97AD-72B6740A5772}.Debug|Any CPU.ActiveCfg = Debug|Any CPU
		{8AA1DADA-5EFB-4ACD-97AD-72B6740A5772}.Debug|Any CPU.Build.0 = Debug|Any CPU
		{8AA1DADA-5EFB-4ACD-97AD-72B6740A5772}.Release|Any CPU.ActiveCfg = Release|Any CPU
		{8AA1DADA-5EFB-4ACD-97AD-72B6740A5772}.Release|Any CPU.Build.0 = Release|Any CPU
		{C2A8664F-28D3-46BB-871A-847F3F1D7F6F}.Debug|Any CPU.ActiveCfg = Debug|Any CPU
		{C2A8664F-28D3-46BB-871A-847F3F1D7F6F}.Debug|Any CPU.Build.0 = Debug|Any CPU
		{C2A8664F-28D3-46BB-871A-847F3F1D7F6F}.Release|Any CPU.ActiveCfg = Release|Any CPU
		{C2A8664F-28D3-46BB-871A-847F3F1D7F6F}.Release|Any CPU.Build.0 = Release|Any CPU
		{169FCEFC-321D-41A3-94EB-AE4B127783CC}.Debug|Any CPU.ActiveCfg = Debug|Any CPU
		{169FCEFC-321D-41A3-94EB-AE4B127783CC}.Debug|Any CPU.Build.0 = Debug|Any CPU
		{169FCEFC-321D-41A3-94EB-AE4B127783CC}.Release|Any CPU.ActiveCfg = Release|Any CPU
		{169FCEFC-321D-41A3-94EB-AE4B127783CC}.Release|Any CPU.Build.0 = Release|Any CPU
	EndGlobalSection
	GlobalSection(SolutionProperties) = preSolution
		HideSolutionNode = FALSE
	EndGlobalSection
EndGlobal
