
Microsoft Visual Studio Solution File, Format Version 12.00
# Visual Studio 14
VisualStudioVersion = 14.0.25420.1
MinimumVisualStudioVersion = 10.0.40219.1
Project("{FAE04EC0-301F-11D3-BF4B-00C04F79EFBC}") = "ExamPrep.Client", "ExamPrep.Client\ExamPrep.Client.csproj", "{1D040FBB-6DB5-4C34-992C-CA2E0F87A8A3}"
EndProject
Project("{FAE04EC0-301F-11D3-BF4B-00C04F79EFBC}") = "ExamPrep.Models", "ExamPrep.Models\ExamPrep.Models.csproj", "{406BE4FE-9472-4A00-8BD2-B59CB78962F7}"
EndProject
Project("{FAE04EC0-301F-11D3-BF4B-00C04F79EFBC}") = "ExamPrep.Data", "ExamPrep.Data\ExamPrep.Data.csproj", "{CEF1BE33-ED79-47C5-89F1-C9733C59D604}"
EndProject
Project("{FAE04EC0-301F-11D3-BF4B-00C04F79EFBC}") = "ExamPrep.Imports", "ExamPrep.Imports\ExamPrep.Imports.csproj", "{A4950713-5058-4605-9117-F1C612E4658B}"
EndProject
Global
	GlobalSection(SolutionConfigurationPlatforms) = preSolution
		Debug|Any CPU = Debug|Any CPU
		Release|Any CPU = Release|Any CPU
	EndGlobalSection
	GlobalSection(ProjectConfigurationPlatforms) = postSolution
		{1D040FBB-6DB5-4C34-992C-CA2E0F87A8A3}.Debug|Any CPU.ActiveCfg = Debug|Any CPU
		{1D040FBB-6DB5-4C34-992C-CA2E0F87A8A3}.Debug|Any CPU.Build.0 = Debug|Any CPU
		{1D040FBB-6DB5-4C34-992C-CA2E0F87A8A3}.Release|Any CPU.ActiveCfg = Release|Any CPU
		{1D040FBB-6DB5-4C34-992C-CA2E0F87A8A3}.Release|Any CPU.Build.0 = Release|Any CPU
		{406BE4FE-9472-4A00-8BD2-B59CB78962F7}.Debug|Any CPU.ActiveCfg = Debug|Any CPU
		{406BE4FE-9472-4A00-8BD2-B59CB78962F7}.Debug|Any CPU.Build.0 = Debug|Any CPU
		{406BE4FE-9472-4A00-8BD2-B59CB78962F7}.Release|Any CPU.ActiveCfg = Release|Any CPU
		{406BE4FE-9472-4A00-8BD2-B59CB78962F7}.Release|Any CPU.Build.0 = Release|Any CPU
		{CEF1BE33-ED79-47C5-89F1-C9733C59D604}.Debug|Any CPU.ActiveCfg = Debug|Any CPU
		{CEF1BE33-ED79-47C5-89F1-C9733C59D604}.Debug|Any CPU.Build.0 = Debug|Any CPU
		{CEF1BE33-ED79-47C5-89F1-C9733C59D604}.Release|Any CPU.ActiveCfg = Release|Any CPU
		{CEF1BE33-ED79-47C5-89F1-C9733C59D604}.Release|Any CPU.Build.0 = Release|Any CPU
		{A4950713-5058-4605-9117-F1C612E4658B}.Debug|Any CPU.ActiveCfg = Debug|Any CPU
		{A4950713-5058-4605-9117-F1C612E4658B}.Debug|Any CPU.Build.0 = Debug|Any CPU
		{A4950713-5058-4605-9117-F1C612E4658B}.Release|Any CPU.ActiveCfg = Release|Any CPU
		{A4950713-5058-4605-9117-F1C612E4658B}.Release|Any CPU.Build.0 = Release|Any CPU
	EndGlobalSection
	GlobalSection(SolutionProperties) = preSolution
		HideSolutionNode = FALSE
	EndGlobalSection
EndGlobal
