
Microsoft Visual Studio Solution File, Format Version 12.00
# Visual Studio 15
VisualStudioVersion = 15.0.26228.4
MinimumVisualStudioVersion = 10.0.40219.1
Project("{FAE04EC0-301F-11D3-BF4B-00C04F79EFBC}") = "BookShopSystem.Data", "BookShopSystem.Data\BookShopSystem.Data.csproj", "{57AEC075-DDC6-435B-BB61-653E25AC054F}"
EndProject
Project("{FAE04EC0-301F-11D3-BF4B-00C04F79EFBC}") = "BookShopSystem.Models", "BookShopSystem.Models\BookShopSystem.Models.csproj", "{E1DD9C44-4993-4A25-939B-DD8A41056CCC}"
EndProject
Project("{FAE04EC0-301F-11D3-BF4B-00C04F79EFBC}") = "BookShopSystem.Client", "BookShopSystem.Client\BookShopSystem.Client.csproj", "{EB319CFF-9C09-4F4B-A511-3AFFA96089B9}"
EndProject
Global
	GlobalSection(SolutionConfigurationPlatforms) = preSolution
		Debug|Any CPU = Debug|Any CPU
		Release|Any CPU = Release|Any CPU
	EndGlobalSection
	GlobalSection(ProjectConfigurationPlatforms) = postSolution
		{57AEC075-DDC6-435B-BB61-653E25AC054F}.Debug|Any CPU.ActiveCfg = Debug|Any CPU
		{57AEC075-DDC6-435B-BB61-653E25AC054F}.Debug|Any CPU.Build.0 = Debug|Any CPU
		{57AEC075-DDC6-435B-BB61-653E25AC054F}.Release|Any CPU.ActiveCfg = Release|Any CPU
		{57AEC075-DDC6-435B-BB61-653E25AC054F}.Release|Any CPU.Build.0 = Release|Any CPU
		{E1DD9C44-4993-4A25-939B-DD8A41056CCC}.Debug|Any CPU.ActiveCfg = Debug|Any CPU
		{E1DD9C44-4993-4A25-939B-DD8A41056CCC}.Debug|Any CPU.Build.0 = Debug|Any CPU
		{E1DD9C44-4993-4A25-939B-DD8A41056CCC}.Release|Any CPU.ActiveCfg = Release|Any CPU
		{E1DD9C44-4993-4A25-939B-DD8A41056CCC}.Release|Any CPU.Build.0 = Release|Any CPU
		{EB319CFF-9C09-4F4B-A511-3AFFA96089B9}.Debug|Any CPU.ActiveCfg = Debug|Any CPU
		{EB319CFF-9C09-4F4B-A511-3AFFA96089B9}.Debug|Any CPU.Build.0 = Debug|Any CPU
		{EB319CFF-9C09-4F4B-A511-3AFFA96089B9}.Release|Any CPU.ActiveCfg = Release|Any CPU
		{EB319CFF-9C09-4F4B-A511-3AFFA96089B9}.Release|Any CPU.Build.0 = Release|Any CPU
	EndGlobalSection
	GlobalSection(SolutionProperties) = preSolution
		HideSolutionNode = FALSE
	EndGlobalSection
EndGlobal
